// !$*UTF8*$!
{
	archiveVersion = 1;
	classes = {
	};
	objectVersion = 56;
	objects = {

/* Begin PBXBuildFile section */
		BC9EBA2E290F971D00F7A890 /* AppDelegate.swift in Sources */ = {isa = PBXBuildFile; fileRef = BC9EBA2D290F971D00F7A890 /* AppDelegate.swift */; };
		BC9EBA30290F971D00F7A890 /* SceneDelegate.swift in Sources */ = {isa = PBXBuildFile; fileRef = BC9EBA2F290F971D00F7A890 /* SceneDelegate.swift */; };
		BC9EBA32290F971D00F7A890 /* HomeVC.swift in Sources */ = {isa = PBXBuildFile; fileRef = BC9EBA31290F971D00F7A890 /* HomeVC.swift */; };
		BC9EBA35290F971D00F7A890 /* Main.storyboard in Resources */ = {isa = PBXBuildFile; fileRef = BC9EBA33290F971D00F7A890 /* Main.storyboard */; };
		BC9EBA38290F971D00F7A890 /* BookProduct.xcdatamodeld in Sources */ = {isa = PBXBuildFile; fileRef = BC9EBA36290F971D00F7A890 /* BookProduct.xcdatamodeld */; };
		BC9EBA3A290F971E00F7A890 /* Assets.xcassets in Resources */ = {isa = PBXBuildFile; fileRef = BC9EBA39290F971E00F7A890 /* Assets.xcassets */; };
		BC9EBA3D290F971E00F7A890 /* LaunchScreen.storyboard in Resources */ = {isa = PBXBuildFile; fileRef = BC9EBA3B290F971E00F7A890 /* LaunchScreen.storyboard */; };
		BC9EBA49290F987A00F7A890 /* Utility.swift in Sources */ = {isa = PBXBuildFile; fileRef = BC9EBA48290F987A00F7A890 /* Utility.swift */; };
		BC9EBA4B290F988500F7A890 /* Extensions.swift in Sources */ = {isa = PBXBuildFile; fileRef = BC9EBA4A290F988500F7A890 /* Extensions.swift */; };
		BC9EBA51290F98ED00F7A890 /* Product.swift in Sources */ = {isa = PBXBuildFile; fileRef = BC9EBA50290F98ED00F7A890 /* Product.swift */; };
		BC9EBA53290F98F900F7A890 /* homeView.swift in Sources */ = {isa = PBXBuildFile; fileRef = BC9EBA52290F98F900F7A890 /* homeView.swift */; };
		BC9EBA55290F991F00F7A890 /* productData.json in Resources */ = {isa = PBXBuildFile; fileRef = BC9EBA54290F991F00F7A890 /* productData.json */; };
		BC9EBA58290F996100F7A890 /* ProductWebServices.swift in Sources */ = {isa = PBXBuildFile; fileRef = BC9EBA57290F996100F7A890 /* ProductWebServices.swift */; };
/* End PBXBuildFile section */

/* Begin PBXFileReference section */
		BC9EBA2A290F971D00F7A890 /* BookProduct.app */ = {isa = PBXFileReference; explicitFileType = wrapper.application; includeInIndex = 0; path = BookProduct.app; sourceTree = BUILT_PRODUCTS_DIR; };
		BC9EBA2D290F971D00F7A890 /* AppDelegate.swift */ = {isa = PBXFileReference; lastKnownFileType = sourcecode.swift; path = AppDelegate.swift; sourceTree = "<group>"; };
		BC9EBA2F290F971D00F7A890 /* SceneDelegate.swift */ = {isa = PBXFileReference; lastKnownFileType = sourcecode.swift; path = SceneDelegate.swift; sourceTree = "<group>"; };
		BC9EBA31290F971D00F7A890 /* HomeVC.swift */ = {isa = PBXFileReference; lastKnownFileType = sourcecode.swift; path = HomeVC.swift; sourceTree = "<group>"; };
		BC9EBA34290F971D00F7A890 /* Base */ = {isa = PBXFileReference; lastKnownFileType = file.storyboard; name = Base; path = Base.lproj/Main.storyboard; sourceTree = "<group>"; };
		BC9EBA37290F971D00F7A890 /* BookProduct.xcdatamodel */ = {isa = PBXFileReference; lastKnownFileType = wrapper.xcdatamodel; path = BookProduct.xcdatamodel; sourceTree = "<group>"; };
		BC9EBA39290F971E00F7A890 /* Assets.xcassets */ = {isa = PBXFileReference; lastKnownFileType = folder.assetcatalog; path = Assets.xcassets; sourceTree = "<group>"; };
		BC9EBA3C290F971E00F7A890 /* Base */ = {isa = PBXFileReference; lastKnownFileType = file.storyboard; name = Base; path = Base.lproj/LaunchScreen.storyboard; sourceTree = "<group>"; };
		BC9EBA3E290F971E00F7A890 /* Info.plist */ = {isa = PBXFileReference; lastKnownFileType = text.plist.xml; path = Info.plist; sourceTree = "<group>"; };
		BC9EBA48290F987A00F7A890 /* Utility.swift */ = {isa = PBXFileReference; lastKnownFileType = sourcecode.swift; path = Utility.swift; sourceTree = "<group>"; };
		BC9EBA4A290F988500F7A890 /* Extensions.swift */ = {isa = PBXFileReference; lastKnownFileType = sourcecode.swift; path = Extensions.swift; sourceTree = "<group>"; };
		BC9EBA50290F98ED00F7A890 /* Product.swift */ = {isa = PBXFileReference; lastKnownFileType = sourcecode.swift; path = Product.swift; sourceTree = "<group>"; };
		BC9EBA52290F98F900F7A890 /* homeView.swift */ = {isa = PBXFileReference; lastKnownFileType = sourcecode.swift; path = homeView.swift; sourceTree = "<group>"; };
		BC9EBA54290F991F00F7A890 /* productData.json */ = {isa = PBXFileReference; fileEncoding = 4; lastKnownFileType = text.json; path = productData.json; sourceTree = "<group>"; };
		BC9EBA57290F996100F7A890 /* ProductWebServices.swift */ = {isa = PBXFileReference; lastKnownFileType = sourcecode.swift; path = ProductWebServices.swift; sourceTree = "<group>"; };
/* End PBXFileReference section */

/* Begin PBXFrameworksBuildPhase section */
		BC9EBA27290F971D00F7A890 /* Frameworks */ = {
			isa = PBXFrameworksBuildPhase;
			buildActionMask = 2147483647;
			files = (
			);
			runOnlyForDeploymentPostprocessing = 0;
		};
/* End PBXFrameworksBuildPhase section */

/* Begin PBXGroup section */
		BC9EBA21290F971D00F7A890 = {
			isa = PBXGroup;
			children = (
				BC9EBA2C290F971D00F7A890 /* BookProduct */,
				BC9EBA2B290F971D00F7A890 /* Products */,
			);
			sourceTree = "<group>";
		};
		BC9EBA2B290F971D00F7A890 /* Products */ = {
			isa = PBXGroup;
			children = (
				BC9EBA2A290F971D00F7A890 /* BookProduct.app */,
			);
			name = Products;
			sourceTree = "<group>";
		};
		BC9EBA2C290F971D00F7A890 /* BookProduct */ = {
			isa = PBXGroup;
			children = (
				BC9EBA3E290F971E00F7A890 /* Info.plist */,
				BC9EBA36290F971D00F7A890 /* BookProduct.xcdatamodeld */,
				BC9EBA4C290F988A00F7A890 /* App Essentials */,
				BC9EBA56290F994E00F7A890 /* WebServices */,
				BC9EBA44290F984900F7A890 /* Model */,
				BC9EBA45290F984F00F7A890 /* View */,
				BC9EBA46290F985B00F7A890 /* Controller */,
				BC9EBA47290F986C00F7A890 /* Helper */,
				BC9EBA4F290F98C400F7A890 /* Resources */,
			);
			path = BookProduct;
			sourceTree = "<group>";
		};
		BC9EBA44290F984900F7A890 /* Model */ = {
			isa = PBXGroup;
			children = (
				BC9EBA50290F98ED00F7A890 /* Product.swift */,
			);
			path = Model;
			sourceTree = "<group>";
		};
		BC9EBA45290F984F00F7A890 /* View */ = {
			isa = PBXGroup;
			children = (
				BC9EBA4D290F989500F7A890 /* Storyboards */,
				BC9EBA4E290F98A400F7A890 /* Programatically  */,
			);
			path = View;
			sourceTree = "<group>";
		};
		BC9EBA46290F985B00F7A890 /* Controller */ = {
			isa = PBXGroup;
			children = (
				BC9EBA31290F971D00F7A890 /* HomeVC.swift */,
			);
			path = Controller;
			sourceTree = "<group>";
		};
		BC9EBA47290F986C00F7A890 /* Helper */ = {
			isa = PBXGroup;
			children = (
				BC9EBA48290F987A00F7A890 /* Utility.swift */,
				BC9EBA4A290F988500F7A890 /* Extensions.swift */,
			);
			path = Helper;
			sourceTree = "<group>";
		};
		BC9EBA4C290F988A00F7A890 /* App Essentials */ = {
			isa = PBXGroup;
			children = (
				BC9EBA2D290F971D00F7A890 /* AppDelegate.swift */,
				BC9EBA2F290F971D00F7A890 /* SceneDelegate.swift */,
			);
			path = "App Essentials";
			sourceTree = "<group>";
		};
		BC9EBA4D290F989500F7A890 /* Storyboards */ = {
			isa = PBXGroup;
			children = (
				BC9EBA33290F971D00F7A890 /* Main.storyboard */,
				BC9EBA3B290F971E00F7A890 /* LaunchScreen.storyboard */,
			);
			path = Storyboards;
			sourceTree = "<group>";
		};
		BC9EBA4E290F98A400F7A890 /* Programatically  */ = {
			isa = PBXGroup;
			children = (
				BC9EBA52290F98F900F7A890 /* homeView.swift */,
			);
			path = "Programatically ";
			sourceTree = "<group>";
		};
		BC9EBA4F290F98C400F7A890 /* Resources */ = {
			isa = PBXGroup;
			children = (
				BC9EBA54290F991F00F7A890 /* productData.json */,
				BC9EBA39290F971E00F7A890 /* Assets.xcassets */,
			);
			path = Resources;
			sourceTree = "<group>";
		};
		BC9EBA56290F994E00F7A890 /* WebServices */ = {
			isa = PBXGroup;
			children = (
				BC9EBA57290F996100F7A890 /* ProductWebServices.swift */,
			);
			path = WebServices;
			sourceTree = "<group>";
		};
/* End PBXGroup section */

/* Begin PBXNativeTarget section */
		BC9EBA29290F971D00F7A890 /* BookProduct */ = {
			isa = PBXNativeTarget;
			buildConfigurationList = BC9EBA41290F971E00F7A890 /* Build configuration list for PBXNativeTarget "BookProduct" */;
			buildPhases = (
				BC9EBA26290F971D00F7A890 /* Sources */,
				BC9EBA27290F971D00F7A890 /* Frameworks */,
				BC9EBA28290F971D00F7A890 /* Resources */,
			);
			buildRules = (
			);
			dependencies = (
			);
			name = BookProduct;
			productName = BookProduct;
			productReference = BC9EBA2A290F971D00F7A890 /* BookProduct.app */;
			productType = "com.apple.product-type.application";
		};
/* End PBXNativeTarget section */

/* Begin PBXProject section */
		BC9EBA22290F971D00F7A890 /* Project object */ = {
			isa = PBXProject;
			attributes = {
				BuildIndependentTargetsInParallel = 1;
				LastSwiftUpdateCheck = 1400;
				LastUpgradeCheck = 1400;
				TargetAttributes = {
					BC9EBA29290F971D00F7A890 = {
						CreatedOnToolsVersion = 14.0.1;
					};
				};
			};
			buildConfigurationList = BC9EBA25290F971D00F7A890 /* Build configuration list for PBXProject "BookProduct" */;
			compatibilityVersion = "Xcode 14.0";
			developmentRegion = en;
			hasScannedForEncodings = 0;
			knownRegions = (
				en,
				Base,
			);
			mainGroup = BC9EBA21290F971D00F7A890;
			productRefGroup = BC9EBA2B290F971D00F7A890 /* Products */;
			projectDirPath = "";
			projectRoot = "";
			targets = (
				BC9EBA29290F971D00F7A890 /* BookProduct */,
			);
		};
/* End PBXProject section */

/* Begin PBXResourcesBuildPhase section */
		BC9EBA28290F971D00F7A890 /* Resources */ = {
			isa = PBXResourcesBuildPhase;
			buildActionMask = 2147483647;
			files = (
				BC9EBA3D290F971E00F7A890 /* LaunchScreen.storyboard in Resources */,
				BC9EBA3A290F971E00F7A890 /* Assets.xcassets in Resources */,
				BC9EBA55290F991F00F7A890 /* productData.json in Resources */,
				BC9EBA35290F971D00F7A890 /* Main.storyboard in Resources */,
			);
			runOnlyForDeploymentPostprocessing = 0;
		};
/* End PBXResourcesBuildPhase section */

/* Begin PBXSourcesBuildPhase section */
		BC9EBA26290F971D00F7A890 /* Sources */ = {
			isa = PBXSourcesBuildPhase;
			buildActionMask = 2147483647;
			files = (
				BC9EBA49290F987A00F7A890 /* Utility.swift in Sources */,
				BC9EBA58290F996100F7A890 /* ProductWebServices.swift in Sources */,
				BC9EBA4B290F988500F7A890 /* Extensions.swift in Sources */,
				BC9EBA38290F971D00F7A890 /* BookProduct.xcdatamodeld in Sources */,
				BC9EBA32290F971D00F7A890 /* HomeVC.swift in Sources */,
				BC9EBA2E290F971D00F7A890 /* AppDelegate.swift in Sources */,
				BC9EBA53290F98F900F7A890 /* homeView.swift in Sources */,
				BC9EBA30290F971D00F7A890 /* SceneDelegate.swift in Sources */,
				BC9EBA51290F98ED00F7A890 /* Product.swift in Sources */,
			);
			runOnlyForDeploymentPostprocessing = 0;
		};
/* End PBXSourcesBuildPhase section */

/* Begin PBXVariantGroup section */
		BC9EBA33290F971D00F7A890 /* Main.storyboard */ = {
			isa = PBXVariantGroup;
			children = (
				BC9EBA34290F971D00F7A890 /* Base */,
			);
			name = Main.storyboard;
			sourceTree = "<group>";
		};
		BC9EBA3B290F971E00F7A890 /* LaunchScreen.storyboard */ = {
			isa = PBXVariantGroup;
			children = (
				BC9EBA3C290F971E00F7A890 /* Base */,
			);
			name = LaunchScreen.storyboard;
			sourceTree = "<group>";
		};
/* End PBXVariantGroup section */

/* Begin XCBuildConfiguration section */
		BC9EBA3F290F971E00F7A890 /* Debug */ = {
			isa = XCBuildConfiguration;
			buildSettings = {
				ALWAYS_SEARCH_USER_PATHS = NO;
				CLANG_ANALYZER_NONNULL = YES;
				CLANG_ANALYZER_NUMBER_OBJECT_CONVERSION = YES_AGGRESSIVE;
				CLANG_CXX_LANGUAGE_STANDARD = "gnu++20";
				CLANG_ENABLE_MODULES = YES;
				CLANG_ENABLE_OBJC_ARC = YES;
				CLANG_ENABLE_OBJC_WEAK = YES;
				CLANG_WARN_BLOCK_CAPTURE_AUTORELEASING = YES;
				CLANG_WARN_BOOL_CONVERSION = YES;
				CLANG_WARN_COMMA = YES;
				CLANG_WARN_CONSTANT_CONVERSION = YES;
				CLANG_WARN_DEPRECATED_OBJC_IMPLEMENTATIONS = YES;
				CLANG_WARN_DIRECT_OBJC_ISA_USAGE = YES_ERROR;
				CLANG_WARN_DOCUMENTATION_COMMENTS = YES;
				CLANG_WARN_EMPTY_BODY = YES;
				CLANG_WARN_ENUM_CONVERSION = YES;
				CLANG_WARN_INFINITE_RECURSION = YES;
				CLANG_WARN_INT_CONVERSION = YES;
				CLANG_WARN_NON_LITERAL_NULL_CONVERSION = YES;
				CLANG_WARN_OBJC_IMPLICIT_RETAIN_SELF = YES;
				CLANG_WARN_OBJC_LITERAL_CONVERSION = YES;
				CLANG_WARN_OBJC_ROOT_CLASS = YES_ERROR;
				CLANG_WARN_QUOTED_INCLUDE_IN_FRAMEWORK_HEADER = YES;
				CLANG_WARN_RANGE_LOOP_ANALYSIS = YES;
				CLANG_WARN_STRICT_PROTOTYPES = YES;
				CLANG_WARN_SUSPICIOUS_MOVE = YES;
				CLANG_WARN_UNGUARDED_AVAILABILITY = YES_AGGRESSIVE;
				CLANG_WARN_UNREACHABLE_CODE = YES;
				CLANG_WARN__DUPLICATE_METHOD_MATCH = YES;
				COPY_PHASE_STRIP = NO;
				DEBUG_INFORMATION_FORMAT = dwarf;
				ENABLE_STRICT_OBJC_MSGSEND = YES;
				ENABLE_TESTABILITY = YES;
				GCC_C_LANGUAGE_STANDARD = gnu11;
				GCC_DYNAMIC_NO_PIC = NO;
				GCC_NO_COMMON_BLOCKS = YES;
				GCC_OPTIMIZATION_LEVEL = 0;
				GCC_PREPROCESSOR_DEFINITIONS = (
					"DEBUG=1",
					"$(inherited)",
				);
				GCC_WARN_64_TO_32_BIT_CONVERSION = YES;
				GCC_WARN_ABOUT_RETURN_TYPE = YES_ERROR;
				GCC_WARN_UNDECLARED_SELECTOR = YES;
				GCC_WARN_UNINITIALIZED_AUTOS = YES_AGGRESSIVE;
				GCC_WARN_UNUSED_FUNCTION = YES;
				GCC_WARN_UNUSED_VARIABLE = YES;
				IPHONEOS_DEPLOYMENT_TARGET = 16.0;
				MTL_ENABLE_DEBUG_INFO = INCLUDE_SOURCE;
				MTL_FAST_MATH = YES;
				ONLY_ACTIVE_ARCH = YES;
				SDKROOT = iphoneos;
				SWIFT_ACTIVE_COMPILATION_CONDITIONS = DEBUG;
				SWIFT_OPTIMIZATION_LEVEL = "-Onone";
			};
			name = Debug;
		};
		BC9EBA40290F971E00F7A890 /* Release */ = {
			isa = XCBuildConfiguration;
			buildSettings = {
				ALWAYS_SEARCH_USER_PATHS = NO;
				CLANG_ANALYZER_NONNULL = YES;
				CLANG_ANALYZER_NUMBER_OBJECT_CONVERSION = YES_AGGRESSIVE;
				CLANG_CXX_LANGUAGE_STANDARD = "gnu++20";
				CLANG_ENABLE_MODULES = YES;
				CLANG_ENABLE_OBJC_ARC = YES;
				CLANG_ENABLE_OBJC_WEAK = YES;
				CLANG_WARN_BLOCK_CAPTURE_AUTORELEASING = YES;
				CLANG_WARN_BOOL_CONVERSION = YES;
				CLANG_WARN_COMMA = YES;
				CLANG_WARN_CONSTANT_CONVERSION = YES;
				CLANG_WARN_DEPRECATED_OBJC_IMPLEMENTATIONS = YES;
				CLANG_WARN_DIRECT_OBJC_ISA_USAGE = YES_ERROR;
				CLANG_WARN_DOCUMENTATION_COMMENTS = YES;
				CLANG_WARN_EMPTY_BODY = YES;
				CLANG_WARN_ENUM_CONVERSION = YES;
				CLANG_WARN_INFINITE_RECURSION = YES;
				CLANG_WARN_INT_CONVERSION = YES;
				CLANG_WARN_NON_LITERAL_NULL_CONVERSION = YES;
				CLANG_WARN_OBJC_IMPLICIT_RETAIN_SELF = YES;
				CLANG_WARN_OBJC_LITERAL_CONVERSION = YES;
				CLANG_WARN_OBJC_ROOT_CLASS = YES_ERROR;
				CLANG_WARN_QUOTED_INCLUDE_IN_FRAMEWORK_HEADER = YES;
				CLANG_WARN_RANGE_LOOP_ANALYSIS = YES;
				CLANG_WARN_STRICT_PROTOTYPES = YES;
				CLANG_WARN_SUSPICIOUS_MOVE = YES;
				CLANG_WARN_UNGUARDED_AVAILABILITY = YES_AGGRESSIVE;
				CLANG_WARN_UNREACHABLE_CODE = YES;
				CLANG_WARN__DUPLICATE_METHOD_MATCH = YES;
				COPY_PHASE_STRIP = NO;
				DEBUG_INFORMATION_FORMAT = "dwarf-with-dsym";
				ENABLE_NS_ASSERTIONS = NO;
				ENABLE_STRICT_OBJC_MSGSEND = YES;
				GCC_C_LANGUAGE_STANDARD = gnu11;
				GCC_NO_COMMON_BLOCKS = YES;
				GCC_WARN_64_TO_32_BIT_CONVERSION = YES;
				GCC_WARN_ABOUT_RETURN_TYPE = YES_ERROR;
				GCC_WARN_UNDECLARED_SELECTOR = YES;
				GCC_WARN_UNINITIALIZED_AUTOS = YES_AGGRESSIVE;
				GCC_WARN_UNUSED_FUNCTION = YES;
				GCC_WARN_UNUSED_VARIABLE = YES;
				IPHONEOS_DEPLOYMENT_TARGET = 16.0;
				MTL_ENABLE_DEBUG_INFO = NO;
				MTL_FAST_MATH = YES;
				SDKROOT = iphoneos;
				SWIFT_COMPILATION_MODE = wholemodule;
				SWIFT_OPTIMIZATION_LEVEL = "-O";
				VALIDATE_PRODUCT = YES;
			};
			name = Release;
		};
		BC9EBA42290F971E00F7A890 /* Debug */ = {
			isa = XCBuildConfiguration;
			buildSettings = {
				ASSETCATALOG_COMPILER_APPICON_NAME = AppIcon;
				ASSETCATALOG_COMPILER_GLOBAL_ACCENT_COLOR_NAME = AccentColor;
				CODE_SIGN_STYLE = Automatic;
				CURRENT_PROJECT_VERSION = 1;
				DEVELOPMENT_TEAM = AS7KA65NZ3;
				GENERATE_INFOPLIST_FILE = YES;
				INFOPLIST_FILE = BookProduct/Info.plist;
				INFOPLIST_KEY_UIApplicationSupportsIndirectInputEvents = YES;
				INFOPLIST_KEY_UILaunchStoryboardName = LaunchScreen;
				INFOPLIST_KEY_UIMainStoryboardFile = Main;
				INFOPLIST_KEY_UISupportedInterfaceOrientations_iPad = "UIInterfaceOrientationPortrait UIInterfaceOrientationPortraitUpsideDown UIInterfaceOrientationLandscapeLeft UIInterfaceOrientationLandscapeRight";
				INFOPLIST_KEY_UISupportedInterfaceOrientations_iPhone = "UIInterfaceOrientationPortrait UIInterfaceOrientationLandscapeLeft UIInterfaceOrientationLandscapeRight";
				LD_RUNPATH_SEARCH_PATHS = (
					"$(inherited)",
					"@executable_path/Frameworks",
				);
				MARKETING_VERSION = 1.0;
				PRODUCT_BUNDLE_IDENTIFIER = com.iao.BookProduct;
				PRODUCT_NAME = "$(TARGET_NAME)";
				SWIFT_EMIT_LOC_STRINGS = YES;
				SWIFT_VERSION = 5.0;
				TARGETED_DEVICE_FAMILY = "1,2";
			};
			name = Debug;
		};
		BC9EBA43290F971E00F7A890 /* Release */ = {
			isa = XCBuildConfiguration;
			buildSettings = {
				ASSETCATALOG_COMPILER_APPICON_NAME = AppIcon;
				ASSETCATALOG_COMPILER_GLOBAL_ACCENT_COLOR_NAME = AccentColor;
				CODE_SIGN_STYLE = Automatic;
				CURRENT_PROJECT_VERSION = 1;
				DEVELOPMENT_TEAM = AS7KA65NZ3;
				GENERATE_INFOPLIST_FILE = YES;
				INFOPLIST_FILE = BookProduct/Info.plist;
				INFOPLIST_KEY_UIApplicationSupportsIndirectInputEvents = YES;
				INFOPLIST_KEY_UILaunchStoryboardName = LaunchScreen;
				INFOPLIST_KEY_UIMainStoryboardFile = Main;
				INFOPLIST_KEY_UISupportedInterfaceOrientations_iPad = "UIInterfaceOrientationPortrait UIInterfaceOrientationPortraitUpsideDown UIInterfaceOrientationLandscapeLeft UIInterfaceOrientationLandscapeRight";
				INFOPLIST_KEY_UISupportedInterfaceOrientations_iPhone = "UIInterfaceOrientationPortrait UIInterfaceOrientationLandscapeLeft UIInterfaceOrientationLandscapeRight";
				LD_RUNPATH_SEARCH_PATHS = (
					"$(inherited)",
					"@executable_path/Frameworks",
				);
				MARKETING_VERSION = 1.0;
				PRODUCT_BUNDLE_IDENTIFIER = com.iao.BookProduct;
				PRODUCT_NAME = "$(TARGET_NAME)";
				SWIFT_EMIT_LOC_STRINGS = YES;
				SWIFT_VERSION = 5.0;
				TARGETED_DEVICE_FAMILY = "1,2";
			};
			name = Release;
		};
/* End XCBuildConfiguration section */

/* Begin XCConfigurationList section */
		BC9EBA25290F971D00F7A890 /* Build configuration list for PBXProject "BookProduct" */ = {
			isa = XCConfigurationList;
			buildConfigurations = (
				BC9EBA3F290F971E00F7A890 /* Debug */,
				BC9EBA40290F971E00F7A890 /* Release */,
			);
			defaultConfigurationIsVisible = 0;
			defaultConfigurationName = Release;
		};
		BC9EBA41290F971E00F7A890 /* Build configuration list for PBXNativeTarget "BookProduct" */ = {
			isa = XCConfigurationList;
			buildConfigurations = (
				BC9EBA42290F971E00F7A890 /* Debug */,
				BC9EBA43290F971E00F7A890 /* Release */,
			);
			defaultConfigurationIsVisible = 0;
			defaultConfigurationName = Release;
		};
/* End XCConfigurationList section */

/* Begin XCVersionGroup section */
		BC9EBA36290F971D00F7A890 /* BookProduct.xcdatamodeld */ = {
			isa = XCVersionGroup;
			children = (
				BC9EBA37290F971D00F7A890 /* BookProduct.xcdatamodel */,
			);
			currentVersion = BC9EBA37290F971D00F7A890 /* BookProduct.xcdatamodel */;
			path = BookProduct.xcdatamodeld;
			sourceTree = "<group>";
			versionGroupType = wrapper.xcdatamodel;
		};
/* End XCVersionGroup section */
	};
	rootObject = BC9EBA22290F971D00F7A890 /* Project object */;
}
